
Microsoft Visual Studio Solution File, Format Version 12.00
# Visual Studio 15
VisualStudioVersion = 15.0.28307.1062
MinimumVisualStudioVersion = 10.0.40219.1
Project("{FAE04EC0-301F-11D3-BF4B-00C04F79EFBC}") = "AyuboDriveTarrifCal", "AyuboDriveTarrifCal\AyuboDriveTarrifCal.csproj", "{BA52ABA8-F6E4-4CFB-9F11-6FD52E9AC97F}"
EndProject
Global
	GlobalSection(SolutionConfigurationPlatforms) = preSolution
		Debug|Any CPU = Debug|Any CPU
		Release|Any CPU = Release|Any CPU
	EndGlobalSection
	GlobalSection(ProjectConfigurationPlatforms) = postSolution
		{BA52ABA8-F6E4-4CFB-9F11-6FD52E9AC97F}.Debug|Any CPU.ActiveCfg = Debug|Any CPU
		{BA52ABA8-F6E4-4CFB-9F11-6FD52E9AC97F}.Debug|Any CPU.Build.0 = Debug|Any CPU
		{BA52ABA8-F6E4-4CFB-9F11-6FD52E9AC97F}.Release|Any CPU.ActiveCfg = Release|Any CPU
		{BA52ABA8-F6E4-4CFB-9F11-6FD52E9AC97F}.Release|Any CPU.Build.0 = Release|Any CPU
	EndGlobalSection
	GlobalSection(SolutionProperties) = preSolution
		HideSolutionNode = FALSE
	EndGlobalSection
	GlobalSection(ExtensibilityGlobals) = postSolution
		SolutionGuid = {90B81C1F-3A2C-41A3-9EBA-3D9C6389EB1B}
	EndGlobalSection
EndGlobal
